
Microsoft Visual Studio Solution File, Format Version 12.00
# Visual Studio 15
VisualStudioVersion = 15.0.28010.2046
MinimumVisualStudioVersion = 10.0.40219.1
Project("{FAE04EC0-301F-11D3-BF4B-00C04F79EFBC}") = "IO Countries", "IO Countries\IO Countries.csproj", "{9FA2B649-92F2-495C-84B1-1BE6B5C7BD48}"
EndProject
Global
	GlobalSection(SolutionConfigurationPlatforms) = preSolution
		Debug|Any CPU = Debug|Any CPU
		Release|Any CPU = Release|Any CPU
	EndGlobalSection
	GlobalSection(ProjectConfigurationPlatforms) = postSolution
		{9FA2B649-92F2-495C-84B1-1BE6B5C7BD48}.Debug|Any CPU.ActiveCfg = Debug|Any CPU
		{9FA2B649-92F2-495C-84B1-1BE6B5C7BD48}.Debug|Any CPU.Build.0 = Debug|Any CPU
		{9FA2B649-92F2-495C-84B1-1BE6B5C7BD48}.Release|Any CPU.ActiveCfg = Release|Any CPU
		{9FA2B649-92F2-495C-84B1-1BE6B5C7BD48}.Release|Any CPU.Build.0 = Release|Any CPU
	EndGlobalSection
	GlobalSection(SolutionProperties) = preSolution
		HideSolutionNode = FALSE
	EndGlobalSection
	GlobalSection(ExtensibilityGlobals) = postSolution
		SolutionGuid = {782A7AC2-20D2-4D16-8C44-DD301650BFBA}
	EndGlobalSection
EndGlobal
